// !$*UTF8*$!
{
	archiveVersion = 1;
	classes = {
	};
	objectVersion = 46;
	objects = {

/* Begin PBXBuildFile section */
		B425FA2D159CDAA300669634 /* Foundation.framework in Frameworks */ = {isa = PBXBuildFile; fileRef = B425FA2C159CDAA300669634 /* Foundation.framework */; };
		B425FA30159CDAA300669634 /* main.m in Sources */ = {isa = PBXBuildFile; fileRef = B425FA2F159CDAA300669634 /* main.m */; };
		B425FA34159CDAA300669634 /* lottery.1 in CopyFiles */ = {isa = PBXBuildFile; fileRef = B425FA33159CDAA300669634 /* lottery.1 */; };
		B425FA3C159D0D2300669634 /* LotteryEntry.m in Sources */ = {isa = PBXBuildFile; fileRef = B425FA3B159D0D2300669634 /* LotteryEntry.m */; };
/* End PBXBuildFile section */

/* Begin PBXCopyFilesBuildPhase section */
		B425FA26159CDAA300669634 /* CopyFiles */ = {
			isa = PBXCopyFilesBuildPhase;
			buildActionMask = 2147483647;
			dstPath = /usr/share/man/man1/;
			dstSubfolderSpec = 0;
			files = (
				B425FA34159CDAA300669634 /* lottery.1 in CopyFiles */,
			);
			runOnlyForDeploymentPostprocessing = 1;
		};
/* End PBXCopyFilesBuildPhase section */

/* Begin PBXFileReference section */
		B425FA28159CDAA300669634 /* lottery */ = {isa = PBXFileReference; explicitFileType = "compiled.mach-o.executable"; includeInIndex = 0; path = lottery; sourceTree = BUILT_PRODUCTS_DIR; };
		B425FA2C159CDAA300669634 /* Foundation.framework */ = {isa = PBXFileReference; lastKnownFileType = wrapper.framework; name = Foundation.framework; path = System/Library/Frameworks/Foundation.framework; sourceTree = SDKROOT; };
		B425FA2F159CDAA300669634 /* main.m */ = {isa = PBXFileReference; lastKnownFileType = sourcecode.c.objc; path = main.m; sourceTree = "<group>"; };
		B425FA32159CDAA300669634 /* lottery-Prefix.pch */ = {isa = PBXFileReference; lastKnownFileType = sourcecode.c.h; path = "lottery-Prefix.pch"; sourceTree = "<group>"; };
		B425FA33159CDAA300669634 /* lottery.1 */ = {isa = PBXFileReference; lastKnownFileType = text.man; path = lottery.1; sourceTree = "<group>"; };
		B425FA3A159D0D2300669634 /* LotteryEntry.h */ = {isa = PBXFileReference; fileEncoding = 4; lastKnownFileType = sourcecode.c.h; path = LotteryEntry.h; sourceTree = "<group>"; };
		B425FA3B159D0D2300669634 /* LotteryEntry.m */ = {isa = PBXFileReference; fileEncoding = 4; lastKnownFileType = sourcecode.c.objc; path = LotteryEntry.m; sourceTree = "<group>"; };
/* End PBXFileReference section */

/* Begin PBXFrameworksBuildPhase section */
		B425FA25159CDAA300669634 /* Frameworks */ = {
			isa = PBXFrameworksBuildPhase;
			buildActionMask = 2147483647;
			files = (
				B425FA2D159CDAA300669634 /* Foundation.framework in Frameworks */,
			);
			runOnlyForDeploymentPostprocessing = 0;
		};
/* End PBXFrameworksBuildPhase section */

/* Begin PBXGroup section */
		B425FA1D159CDAA300669634 = {
			isa = PBXGroup;
			children = (
				B425FA2E159CDAA300669634 /* lottery */,
				B425FA2B159CDAA300669634 /* Frameworks */,
				B425FA29159CDAA300669634 /* Products */,
			);
			sourceTree = "<group>";
		};
		B425FA29159CDAA300669634 /* Products */ = {
			isa = PBXGroup;
			children = (
				B425FA28159CDAA300669634 /* lottery */,
			);
			name = Products;
			sourceTree = "<group>";
		};
		B425FA2B159CDAA300669634 /* Frameworks */ = {
			isa = PBXGroup;
			children = (
				B425FA2C159CDAA300669634 /* Foundation.framework */,
			);
			name = Frameworks;
			sourceTree = "<group>";
		};
		B425FA2E159CDAA300669634 /* lottery */ = {
			isa = PBXGroup;
			children = (
				B425FA2F159CDAA300669634 /* main.m */,
				B425FA3A159D0D2300669634 /* LotteryEntry.h */,
				B425FA3B159D0D2300669634 /* LotteryEntry.m */,
				B425FA33159CDAA300669634 /* lottery.1 */,
				B425FA31159CDAA300669634 /* Supporting Files */,
			);
			path = lottery;
			sourceTree = "<group>";
		};
		B425FA31159CDAA300669634 /* Supporting Files */ = {
			isa = PBXGroup;
			children = (
				B425FA32159CDAA300669634 /* lottery-Prefix.pch */,
			);
			name = "Supporting Files";
			sourceTree = "<group>";
		};
/* End PBXGroup section */

/* Begin PBXNativeTarget section */
		B425FA27159CDAA300669634 /* lottery */ = {
			isa = PBXNativeTarget;
			buildConfigurationList = B425FA37159CDAA300669634 /* Build configuration list for PBXNativeTarget "lottery" */;
			buildPhases = (
				B425FA24159CDAA300669634 /* Sources */,
				B425FA25159CDAA300669634 /* Frameworks */,
				B425FA26159CDAA300669634 /* CopyFiles */,
			);
			buildRules = (
			);
			dependencies = (
			);
			name = lottery;
			productName = lottery;
			productReference = B425FA28159CDAA300669634 /* lottery */;
			productType = "com.apple.product-type.tool";
		};
/* End PBXNativeTarget section */

/* Begin PBXProject section */
		B425FA1F159CDAA300669634 /* Project object */ = {
			isa = PBXProject;
			attributes = {
				LastUpgradeCheck = 0430;
			};
			buildConfigurationList = B425FA22159CDAA300669634 /* Build configuration list for PBXProject "lottery" */;
			compatibilityVersion = "Xcode 3.2";
			developmentRegion = English;
			hasScannedForEncodings = 0;
			knownRegions = (
				en,
			);
			mainGroup = B425FA1D159CDAA300669634;
			productRefGroup = B425FA29159CDAA300669634 /* Products */;
			projectDirPath = "";
			projectRoot = "";
			targets = (
				B425FA27159CDAA300669634 /* lottery */,
			);
		};
/* End PBXProject section */

/* Begin PBXSourcesBuildPhase section */
		B425FA24159CDAA300669634 /* Sources */ = {
			isa = PBXSourcesBuildPhase;
			buildActionMask = 2147483647;
			files = (
				B425FA30159CDAA300669634 /* main.m in Sources */,
				B425FA3C159D0D2300669634 /* LotteryEntry.m in Sources */,
			);
			runOnlyForDeploymentPostprocessing = 0;
		};
/* End PBXSourcesBuildPhase section */

/* Begin XCBuildConfiguration section */
		B425FA35159CDAA300669634 /* Debug */ = {
			isa = XCBuildConfiguration;
			buildSettings = {
				ALWAYS_SEARCH_USER_PATHS = NO;
				ARCHS = "$(ARCHS_STANDARD_64_BIT)";
				CLANG_ENABLE_OBJC_ARC = YES;
				COPY_PHASE_STRIP = NO;
				GCC_C_LANGUAGE_STANDARD = gnu99;
				GCC_DYNAMIC_NO_PIC = NO;
				GCC_ENABLE_OBJC_EXCEPTIONS = YES;
				GCC_OPTIMIZATION_LEVEL = 0;
				GCC_PREPROCESSOR_DEFINITIONS = (
					"DEBUG=1",
					"$(inherited)",
				);
				GCC_SYMBOLS_PRIVATE_EXTERN = NO;
				GCC_VERSION = com.apple.compilers.llvm.clang.1_0;
				GCC_WARN_64_TO_32_BIT_CONVERSION = YES;
				GCC_WARN_ABOUT_RETURN_TYPE = YES;
				GCC_WARN_UNINITIALIZED_AUTOS = YES;
				GCC_WARN_UNUSED_VARIABLE = YES;
				MACOSX_DEPLOYMENT_TARGET = 10.7;
				ONLY_ACTIVE_ARCH = YES;
				SDKROOT = macosx;
			};
			name = Debug;
		};
		B425FA36159CDAA300669634 /* Release */ = {
			isa = XCBuildConfiguration;
			buildSettings = {
				ALWAYS_SEARCH_USER_PATHS = NO;
				ARCHS = "$(ARCHS_STANDARD_64_BIT)";
				CLANG_ENABLE_OBJC_ARC = YES;
				COPY_PHASE_STRIP = YES;
				DEBUG_INFORMATION_FORMAT = "dwarf-with-dsym";
				GCC_C_LANGUAGE_STANDARD = gnu99;
				GCC_ENABLE_OBJC_EXCEPTIONS = YES;
				GCC_VERSION = com.apple.compilers.llvm.clang.1_0;
				GCC_WARN_64_TO_32_BIT_CONVERSION = YES;
				GCC_WARN_ABOUT_RETURN_TYPE = YES;
				GCC_WARN_UNINITIALIZED_AUTOS = YES;
				GCC_WARN_UNUSED_VARIABLE = YES;
				MACOSX_DEPLOYMENT_TARGET = 10.7;
				SDKROOT = macosx;
			};
			name = Release;
		};
		B425FA38159CDAA300669634 /* Debug */ = {
			isa = XCBuildConfiguration;
			buildSettings = {
				GCC_PRECOMPILE_PREFIX_HEADER = YES;
				GCC_PREFIX_HEADER = "lottery/lottery-Prefix.pch";
				PRODUCT_NAME = "$(TARGET_NAME)";
			};
			name = Debug;
		};
		B425FA39159CDAA300669634 /* Release */ = {
			isa = XCBuildConfiguration;
			buildSettings = {
				GCC_PRECOMPILE_PREFIX_HEADER = YES;
				GCC_PREFIX_HEADER = "lottery/lottery-Prefix.pch";
				PRODUCT_NAME = "$(TARGET_NAME)";
			};
			name = Release;
		};
/* End XCBuildConfiguration section */

/* Begin XCConfigurationList section */
		B425FA22159CDAA300669634 /* Build configuration list for PBXProject "lottery" */ = {
			isa = XCConfigurationList;
			buildConfigurations = (
				B425FA35159CDAA300669634 /* Debug */,
				B425FA36159CDAA300669634 /* Release */,
			);
			defaultConfigurationIsVisible = 0;
			defaultConfigurationName = Release;
		};
		B425FA37159CDAA300669634 /* Build configuration list for PBXNativeTarget "lottery" */ = {
			isa = XCConfigurationList;
			buildConfigurations = (
				B425FA38159CDAA300669634 /* Debug */,
				B425FA39159CDAA300669634 /* Release */,
			);
			defaultConfigurationIsVisible = 0;
		};
/* End XCConfigurationList section */
	};
	rootObject = B425FA1F159CDAA300669634 /* Project object */;
}
